
Microsoft Visual Studio Solution File, Format Version 12.00
# Visual Studio Version 16
VisualStudioVersion = 16.0.28922.388
MinimumVisualStudioVersion = 10.0.40219.1
Project("{2150E333-8FDC-42A3-9474-1A3956D46DE8}") = "Data", "Data", "{C9EE284C-3082-4E43-8CA8-6DF35562C94D}"
EndProject
Project("{9A19103F-16F7-4668-BE54-9A1E7A4F7556}") = "OrdermSystem.Data.Models", "Data\OrdermSystem.Data.Models\OrdermSystem.Data.Models.csproj", "{8109792D-DDC0-473B-8837-1DBE85EBA486}"
EndProject
Project("{9A19103F-16F7-4668-BE54-9A1E7A4F7556}") = "OrdermSystem.Data.Common", "Data\OrdermSystem.Data.Common\OrdermSystem.Data.Common.csproj", "{F0E2EA28-D660-43F8-BABB-32C57D844382}"
EndProject
Project("{9A19103F-16F7-4668-BE54-9A1E7A4F7556}") = "OrdermSystem.Data", "Data\OrdermSystem.Data\OrdermSystem.Data.csproj", "{AE306462-497E-478A-BDF6-C815A4310733}"
EndProject
Project("{9A19103F-16F7-4668-BE54-9A1E7A4F7556}") = "OrdermSystem.Data.Configurations", "Data\OrdermSystem.Data.Configurations\OrdermSystem.Data.Configurations.csproj", "{129BF236-CAC6-4454-96F1-58189C431011}"
EndProject
Project("{2150E333-8FDC-42A3-9474-1A3956D46DE8}") = "Web", "Web", "{B841357B-7AE9-4316-8854-731944E73B69}"
EndProject
Project("{9A19103F-16F7-4668-BE54-9A1E7A4F7556}") = "OrdermSystem.Web", "Web\OrdermSystem.Web\OrdermSystem.Web.csproj", "{5E7D89BA-FD94-4872-A318-EDF26C742D48}"
EndProject
Project("{2150E333-8FDC-42A3-9474-1A3956D46DE8}") = "Services", "Services", "{FB8BD2D2-1BA4-4BFF-B973-C0B0BEE72273}"
EndProject
Project("{9A19103F-16F7-4668-BE54-9A1E7A4F7556}") = "OrdermSystem.Services", "Services\OrdermSystem.Services\OrdermSystem.Services.csproj", "{4435FE58-EB06-4A91-BEA8-38D6AECC5507}"
EndProject
Project("{2150E333-8FDC-42A3-9474-1A3956D46DE8}") = "Common", "Common", "{F13E0FA9-595A-4F9C-967B-3F7EF4E701BD}"
EndProject
Project("{9A19103F-16F7-4668-BE54-9A1E7A4F7556}") = "OrdermSystem.Common", "Common\OrdermSystem.Common\OrdermSystem.Common.csproj", "{04EE0AAD-6D42-4FC2-8ABB-0D6D09BA6FE6}"
EndProject
Project("{9A19103F-16F7-4668-BE54-9A1E7A4F7556}") = "OrdermSystem.Common.Mapping", "Common\OrdermSystem.Common.Mapping\OrdermSystem.Common.Mapping.csproj", "{DA3D7F76-6790-4165-9398-FDFE94956EEE}"
EndProject
Project("{9A19103F-16F7-4668-BE54-9A1E7A4F7556}") = "OrdermSystem.Common.Sandbox", "Common\OrdermSystem.Common.Sandbox\OrdermSystem.Common.Sandbox.csproj", "{E07740E2-56FA-4048-B333-E6A147DB5309}"
EndProject
Project("{2150E333-8FDC-42A3-9474-1A3956D46DE8}") = "Tests", "Tests", "{43F572E5-EE3E-4F24-9659-7610BF4E0705}"
EndProject
Project("{9A19103F-16F7-4668-BE54-9A1E7A4F7556}") = "OrdermSystem.Tests", "Tests\OrdermSystem.Tests\OrdermSystem.Tests.csproj", "{A5D7ACF8-58E7-47A9-BA18-9C51047C54CB}"
EndProject
Project("{FAE04EC0-301F-11D3-BF4B-00C04F79EFBC}") = "OrdermSystem.Web.Models", "Web\OrdermSystem.Web.Models\OrdermSystem.Web.Models.csproj", "{91232486-0182-4BC8-86FB-FDBBAAC811CE}"
EndProject
Global
	GlobalSection(SolutionConfigurationPlatforms) = preSolution
		Debug|Any CPU = Debug|Any CPU
		Release|Any CPU = Release|Any CPU
	EndGlobalSection
	GlobalSection(ProjectConfigurationPlatforms) = postSolution
		{8109792D-DDC0-473B-8837-1DBE85EBA486}.Debug|Any CPU.ActiveCfg = Debug|Any CPU
		{8109792D-DDC0-473B-8837-1DBE85EBA486}.Debug|Any CPU.Build.0 = Debug|Any CPU
		{8109792D-DDC0-473B-8837-1DBE85EBA486}.Release|Any CPU.ActiveCfg = Release|Any CPU
		{8109792D-DDC0-473B-8837-1DBE85EBA486}.Release|Any CPU.Build.0 = Release|Any CPU
		{F0E2EA28-D660-43F8-BABB-32C57D844382}.Debug|Any CPU.ActiveCfg = Debug|Any CPU
		{F0E2EA28-D660-43F8-BABB-32C57D844382}.Debug|Any CPU.Build.0 = Debug|Any CPU
		{F0E2EA28-D660-43F8-BABB-32C57D844382}.Release|Any CPU.ActiveCfg = Release|Any CPU
		{F0E2EA28-D660-43F8-BABB-32C57D844382}.Release|Any CPU.Build.0 = Release|Any CPU
		{AE306462-497E-478A-BDF6-C815A4310733}.Debug|Any CPU.ActiveCfg = Debug|Any CPU
		{AE306462-497E-478A-BDF6-C815A4310733}.Debug|Any CPU.Build.0 = Debug|Any CPU
		{AE306462-497E-478A-BDF6-C815A4310733}.Release|Any CPU.ActiveCfg = Release|Any CPU
		{AE306462-497E-478A-BDF6-C815A4310733}.Release|Any CPU.Build.0 = Release|Any CPU
		{129BF236-CAC6-4454-96F1-58189C431011}.Debug|Any CPU.ActiveCfg = Debug|Any CPU
		{129BF236-CAC6-4454-96F1-58189C431011}.Debug|Any CPU.Build.0 = Debug|Any CPU
		{129BF236-CAC6-4454-96F1-58189C431011}.Release|Any CPU.ActiveCfg = Release|Any CPU
		{129BF236-CAC6-4454-96F1-58189C431011}.Release|Any CPU.Build.0 = Release|Any CPU
		{5E7D89BA-FD94-4872-A318-EDF26C742D48}.Debug|Any CPU.ActiveCfg = Debug|Any CPU
		{5E7D89BA-FD94-4872-A318-EDF26C742D48}.Debug|Any CPU.Build.0 = Debug|Any CPU
		{5E7D89BA-FD94-4872-A318-EDF26C742D48}.Release|Any CPU.ActiveCfg = Release|Any CPU
		{5E7D89BA-FD94-4872-A318-EDF26C742D48}.Release|Any CPU.Build.0 = Release|Any CPU
		{4435FE58-EB06-4A91-BEA8-38D6AECC5507}.Debug|Any CPU.ActiveCfg = Debug|Any CPU
		{4435FE58-EB06-4A91-BEA8-38D6AECC5507}.Debug|Any CPU.Build.0 = Debug|Any CPU
		{4435FE58-EB06-4A91-BEA8-38D6AECC5507}.Release|Any CPU.ActiveCfg = Release|Any CPU
		{4435FE58-EB06-4A91-BEA8-38D6AECC5507}.Release|Any CPU.Build.0 = Release|Any CPU
		{04EE0AAD-6D42-4FC2-8ABB-0D6D09BA6FE6}.Debug|Any CPU.ActiveCfg = Debug|Any CPU
		{04EE0AAD-6D42-4FC2-8ABB-0D6D09BA6FE6}.Debug|Any CPU.Build.0 = Debug|Any CPU
		{04EE0AAD-6D42-4FC2-8ABB-0D6D09BA6FE6}.Release|Any CPU.ActiveCfg = Release|Any CPU
		{04EE0AAD-6D42-4FC2-8ABB-0D6D09BA6FE6}.Release|Any CPU.Build.0 = Release|Any CPU
		{DA3D7F76-6790-4165-9398-FDFE94956EEE}.Debug|Any CPU.ActiveCfg = Debug|Any CPU
		{DA3D7F76-6790-4165-9398-FDFE94956EEE}.Debug|Any CPU.Build.0 = Debug|Any CPU
		{DA3D7F76-6790-4165-9398-FDFE94956EEE}.Release|Any CPU.ActiveCfg = Release|Any CPU
		{DA3D7F76-6790-4165-9398-FDFE94956EEE}.Release|Any CPU.Build.0 = Release|Any CPU
		{E07740E2-56FA-4048-B333-E6A147DB5309}.Debug|Any CPU.ActiveCfg = Debug|Any CPU
		{E07740E2-56FA-4048-B333-E6A147DB5309}.Debug|Any CPU.Build.0 = Debug|Any CPU
		{E07740E2-56FA-4048-B333-E6A147DB5309}.Release|Any CPU.ActiveCfg = Release|Any CPU
		{E07740E2-56FA-4048-B333-E6A147DB5309}.Release|Any CPU.Build.0 = Release|Any CPU
		{A5D7ACF8-58E7-47A9-BA18-9C51047C54CB}.Debug|Any CPU.ActiveCfg = Debug|Any CPU
		{A5D7ACF8-58E7-47A9-BA18-9C51047C54CB}.Debug|Any CPU.Build.0 = Debug|Any CPU
		{A5D7ACF8-58E7-47A9-BA18-9C51047C54CB}.Release|Any CPU.ActiveCfg = Release|Any CPU
		{A5D7ACF8-58E7-47A9-BA18-9C51047C54CB}.Release|Any CPU.Build.0 = Release|Any CPU
		{91232486-0182-4BC8-86FB-FDBBAAC811CE}.Debug|Any CPU.ActiveCfg = Debug|Any CPU
		{91232486-0182-4BC8-86FB-FDBBAAC811CE}.Debug|Any CPU.Build.0 = Debug|Any CPU
		{91232486-0182-4BC8-86FB-FDBBAAC811CE}.Release|Any CPU.ActiveCfg = Release|Any CPU
		{91232486-0182-4BC8-86FB-FDBBAAC811CE}.Release|Any CPU.Build.0 = Release|Any CPU
	EndGlobalSection
	GlobalSection(SolutionProperties) = preSolution
		HideSolutionNode = FALSE
	EndGlobalSection
	GlobalSection(NestedProjects) = preSolution
		{8109792D-DDC0-473B-8837-1DBE85EBA486} = {C9EE284C-3082-4E43-8CA8-6DF35562C94D}
		{F0E2EA28-D660-43F8-BABB-32C57D844382} = {C9EE284C-3082-4E43-8CA8-6DF35562C94D}
		{AE306462-497E-478A-BDF6-C815A4310733} = {C9EE284C-3082-4E43-8CA8-6DF35562C94D}
		{129BF236-CAC6-4454-96F1-58189C431011} = {C9EE284C-3082-4E43-8CA8-6DF35562C94D}
		{5E7D89BA-FD94-4872-A318-EDF26C742D48} = {B841357B-7AE9-4316-8854-731944E73B69}
		{4435FE58-EB06-4A91-BEA8-38D6AECC5507} = {FB8BD2D2-1BA4-4BFF-B973-C0B0BEE72273}
		{04EE0AAD-6D42-4FC2-8ABB-0D6D09BA6FE6} = {F13E0FA9-595A-4F9C-967B-3F7EF4E701BD}
		{DA3D7F76-6790-4165-9398-FDFE94956EEE} = {F13E0FA9-595A-4F9C-967B-3F7EF4E701BD}
		{E07740E2-56FA-4048-B333-E6A147DB5309} = {F13E0FA9-595A-4F9C-967B-3F7EF4E701BD}
		{A5D7ACF8-58E7-47A9-BA18-9C51047C54CB} = {43F572E5-EE3E-4F24-9659-7610BF4E0705}
		{91232486-0182-4BC8-86FB-FDBBAAC811CE} = {B841357B-7AE9-4316-8854-731944E73B69}
	EndGlobalSection
	GlobalSection(ExtensibilityGlobals) = postSolution
		SolutionGuid = {38AB86C4-9D4C-429B-A128-6A9817E830F7}
	EndGlobalSection
EndGlobal
