
Microsoft Visual Studio Solution File, Format Version 12.00
# Visual Studio Version 16
VisualStudioVersion = 16.0.28922.388
MinimumVisualStudioVersion = 10.0.40219.1
Project("{2150E333-8FDC-42A3-9474-1A3956D46DE8}") = "Data", "Data", "{C9EE284C-3082-4E43-8CA8-6DF35562C94D}"
EndProject
Project("{FAE04EC0-301F-11D3-BF4B-00C04F79EFBC}") = "OrdermSystem.Data.Models", "Data\OrdermSystem.Data.Models\OrdermSystem.Data.Models.csproj", "{8109792D-DDC0-473B-8837-1DBE85EBA486}"
EndProject
Project("{FAE04EC0-301F-11D3-BF4B-00C04F79EFBC}") = "OrdermSystem.Data.Common", "Data\OrdermSystem.Data.Common\OrdermSystem.Data.Common.csproj", "{F0E2EA28-D660-43F8-BABB-32C57D844382}"
EndProject
Global
	GlobalSection(SolutionConfigurationPlatforms) = preSolution
		Debug|Any CPU = Debug|Any CPU
		Release|Any CPU = Release|Any CPU
	EndGlobalSection
	GlobalSection(ProjectConfigurationPlatforms) = postSolution
		{8109792D-DDC0-473B-8837-1DBE85EBA486}.Debug|Any CPU.ActiveCfg = Debug|Any CPU
		{8109792D-DDC0-473B-8837-1DBE85EBA486}.Debug|Any CPU.Build.0 = Debug|Any CPU
		{8109792D-DDC0-473B-8837-1DBE85EBA486}.Release|Any CPU.ActiveCfg = Release|Any CPU
		{8109792D-DDC0-473B-8837-1DBE85EBA486}.Release|Any CPU.Build.0 = Release|Any CPU
		{F0E2EA28-D660-43F8-BABB-32C57D844382}.Debug|Any CPU.ActiveCfg = Debug|Any CPU
		{F0E2EA28-D660-43F8-BABB-32C57D844382}.Debug|Any CPU.Build.0 = Debug|Any CPU
		{F0E2EA28-D660-43F8-BABB-32C57D844382}.Release|Any CPU.ActiveCfg = Release|Any CPU
		{F0E2EA28-D660-43F8-BABB-32C57D844382}.Release|Any CPU.Build.0 = Release|Any CPU
	EndGlobalSection
	GlobalSection(SolutionProperties) = preSolution
		HideSolutionNode = FALSE
	EndGlobalSection
	GlobalSection(NestedProjects) = preSolution
		{8109792D-DDC0-473B-8837-1DBE85EBA486} = {C9EE284C-3082-4E43-8CA8-6DF35562C94D}
		{F0E2EA28-D660-43F8-BABB-32C57D844382} = {C9EE284C-3082-4E43-8CA8-6DF35562C94D}
	EndGlobalSection
	GlobalSection(ExtensibilityGlobals) = postSolution
		SolutionGuid = {38AB86C4-9D4C-429B-A128-6A9817E830F7}
	EndGlobalSection
EndGlobal
